
Microsoft Visual Studio Solution File, Format Version 12.00
# Visual Studio Version 16
VisualStudioVersion = 16.0.29418.71
MinimumVisualStudioVersion = 10.0.40219.1
Project("{FAE04EC0-301F-11D3-BF4B-00C04F79EFBC}") = "Träning", "Träning\Träning.csproj", "{DF6691DA-9AF5-4C82-8B35-7E9C8EFFB5A7}"
EndProject
Global
	GlobalSection(SolutionConfigurationPlatforms) = preSolution
		Debug|Any CPU = Debug|Any CPU
		Release|Any CPU = Release|Any CPU
	EndGlobalSection
	GlobalSection(ProjectConfigurationPlatforms) = postSolution
		{DF6691DA-9AF5-4C82-8B35-7E9C8EFFB5A7}.Debug|Any CPU.ActiveCfg = Debug|Any CPU
		{DF6691DA-9AF5-4C82-8B35-7E9C8EFFB5A7}.Debug|Any CPU.Build.0 = Debug|Any CPU
		{DF6691DA-9AF5-4C82-8B35-7E9C8EFFB5A7}.Release|Any CPU.ActiveCfg = Release|Any CPU
		{DF6691DA-9AF5-4C82-8B35-7E9C8EFFB5A7}.Release|Any CPU.Build.0 = Release|Any CPU
	EndGlobalSection
	GlobalSection(SolutionProperties) = preSolution
		HideSolutionNode = FALSE
	EndGlobalSection
	GlobalSection(ExtensibilityGlobals) = postSolution
		SolutionGuid = {2C389876-77E5-45A1-BBDA-D6632FB7E96E}
	EndGlobalSection
EndGlobal
